{
	"name": "sharedcode",
	"version": "1.0.0",
	"lockfileVersion": 2,
	"requires": true,
	"packages": {
		"": {
			"name": "sharedcode",
			"version": "1.0.0",
			"license": "ISC",
			"dependencies": {
				"date-fns": "^2.22.1"
			}
		},
		"node_modules/date-fns": {
			"version": "2.22.1",
			"resolved": "https://registry.npmjs.org/date-fns/-/date-fns-2.22.1.tgz",
			"integrity": "sha512-yUFPQjrxEmIsMqlHhAhmxkuH769baF21Kk+nZwZGyrMoyLA+LugaQtC0+Tqf9CBUUULWwUJt6Q5ySI3LJDDCGg==",
			"engines": {
				"node": ">=0.11"
			},
			"funding": {
				"type": "opencollective",
				"url": "https://opencollective.com/date-fns"
			}
		}
	},
	"dependencies": {
		"date-fns": {
			"version": "2.22.1",
			"resolved": "https://registry.npmjs.org/date-fns/-/date-fns-2.22.1.tgz",
			"integrity": "sha512-yUFPQjrxEmIsMqlHhAhmxkuH769baF21Kk+nZwZGyrMoyLA+LugaQtC0+Tqf9CBUUULWwUJt6Q5ySI3LJDDCGg=="
		}
	}
}
