lockfileVersion: 5.3

specifiers:
  '@types/lodash': ^4.14.172
  date-fns: ^2.23.0
  lodash: ^4.17.21

dependencies:
  date-fns: 2.23.0
  lodash: 4.17.21

devDependencies:
  '@types/lodash': 4.14.172

packages:

  /@types/lodash/4.14.172:
    resolution: {integrity: sha512-/BHF5HAx3em7/KkzVKm3LrsD6HZAXuXO1AJZQ3cRRBZj4oHZDviWPYu0aEplAqDFNHZPW6d3G7KN+ONcCCC7pw==}
    dev: true

  /date-fns/2.23.0:
    resolution: {integrity: sha512-5ycpauovVyAk0kXNZz6ZoB9AYMZB4DObse7P3BPWmyEjXNORTI8EJ6X0uaSAq4sCHzM1uajzrkr6HnsLQpxGXA==}
    engines: {node: '>=0.11'}
    dev: false

  /lodash/4.17.21:
    resolution: {integrity: sha512-v2kDEe57lecTulaDIuNTPy3Ry4gLGJ6Z1O3vE1krgXZNrsQ+LFTGHVxVjcXPs17LhbZVGedAJv8XZ1tvj5FvSg==}
    dev: false
